// !$*UTF8*$!
{
	archiveVersion = 1;
	classes = {
	};
	objectVersion = 48;
	objects = {

/* Begin PBXBuildFile section */
		91D21AF01F654250004F3EFE /* AppDelegate.swift in Sources */ = {isa = PBXBuildFile; fileRef = 91D21AEF1F654250004F3EFE /* AppDelegate.swift */; };
		91D21AF21F654250004F3EFE /* ViewController.swift in Sources */ = {isa = PBXBuildFile; fileRef = 91D21AF11F654250004F3EFE /* ViewController.swift */; };
		91D21AF71F654250004F3EFE /* Assets.xcassets in Resources */ = {isa = PBXBuildFile; fileRef = 91D21AF61F654250004F3EFE /* Assets.xcassets */; };
		91D21AFA1F654250004F3EFE /* LaunchScreen.storyboard in Resources */ = {isa = PBXBuildFile; fileRef = 91D21AF81F654250004F3EFE /* LaunchScreen.storyboard */; };
		91D21B051F654250004F3EFE /* FeiYuTests.swift in Sources */ = {isa = PBXBuildFile; fileRef = 91D21B041F654250004F3EFE /* FeiYuTests.swift */; };
		91D21B101F654250004F3EFE /* FeiYuUITests.swift in Sources */ = {isa = PBXBuildFile; fileRef = 91D21B0F1F654250004F3EFE /* FeiYuUITests.swift */; };
		91D21B201F65454C004F3EFE /* GlobalSets.swift in Sources */ = {isa = PBXBuildFile; fileRef = 91D21B1F1F6544BA004F3EFE /* GlobalSets.swift */; };
		91D21B301F67E1E1004F3EFE /* RoutesDemoTableViewController.m in Sources */ = {isa = PBXBuildFile; fileRef = 91D21B2F1F67E1E1004F3EFE /* RoutesDemoTableViewController.m */; };
		91D21B351F67E63F004F3EFE /* RouteTableViewCell.m in Sources */ = {isa = PBXBuildFile; fileRef = 91D21B331F67E63F004F3EFE /* RouteTableViewCell.m */; };
		91D21B361F67E63F004F3EFE /* RouteTableViewCell.xib in Resources */ = {isa = PBXBuildFile; fileRef = 91D21B341F67E63F004F3EFE /* RouteTableViewCell.xib */; };
		91D21B501F6D0D48004F3EFE /* LoginViewController.m in Sources */ = {isa = PBXBuildFile; fileRef = 91D21B4F1F6D0D42004F3EFE /* LoginViewController.m */; };
		91D21B541F6D2387004F3EFE /* PreViewViewController.m in Sources */ = {isa = PBXBuildFile; fileRef = 91D21B531F6D2387004F3EFE /* PreViewViewController.m */; };
		F9F38E568747279C1C9C1613 /* Pods_FeiYu.framework in Frameworks */ = {isa = PBXBuildFile; fileRef = 21012F0CE97AD4298C3ED8CC /* Pods_FeiYu.framework */; };
/* End PBXBuildFile section */

/* Begin PBXContainerItemProxy section */
		91D21B011F654250004F3EFE /* PBXContainerItemProxy */ = {
			isa = PBXContainerItemProxy;
			containerPortal = 91D21AE41F654250004F3EFE /* Project object */;
			proxyType = 1;
			remoteGlobalIDString = 91D21AEB1F654250004F3EFE;
			remoteInfo = FeiYu;
		};
		91D21B0C1F654250004F3EFE /* PBXContainerItemProxy */ = {
			isa = PBXContainerItemProxy;
			containerPortal = 91D21AE41F654250004F3EFE /* Project object */;
			proxyType = 1;
			remoteGlobalIDString = 91D21AEB1F654250004F3EFE;
			remoteInfo = FeiYu;
		};
/* End PBXContainerItemProxy section */

/* Begin PBXFileReference section */
		21012F0CE97AD4298C3ED8CC /* Pods_FeiYu.framework */ = {isa = PBXFileReference; explicitFileType = wrapper.framework; includeInIndex = 0; path = Pods_FeiYu.framework; sourceTree = BUILT_PRODUCTS_DIR; };
		91D21AEC1F654250004F3EFE /* FeiYu.app */ = {isa = PBXFileReference; explicitFileType = wrapper.application; includeInIndex = 0; path = FeiYu.app; sourceTree = BUILT_PRODUCTS_DIR; };
		91D21AEF1F654250004F3EFE /* AppDelegate.swift */ = {isa = PBXFileReference; lastKnownFileType = sourcecode.swift; path = AppDelegate.swift; sourceTree = "<group>"; };
		91D21AF11F654250004F3EFE /* ViewController.swift */ = {isa = PBXFileReference; lastKnownFileType = sourcecode.swift; path = ViewController.swift; sourceTree = "<group>"; };
		91D21AF61F654250004F3EFE /* Assets.xcassets */ = {isa = PBXFileReference; lastKnownFileType = folder.assetcatalog; path = Assets.xcassets; sourceTree = "<group>"; };
		91D21AF91F654250004F3EFE /* Base */ = {isa = PBXFileReference; lastKnownFileType = file.storyboard; name = Base; path = Base.lproj/LaunchScreen.storyboard; sourceTree = "<group>"; };
		91D21AFB1F654250004F3EFE /* Info.plist */ = {isa = PBXFileReference; lastKnownFileType = text.plist.xml; path = Info.plist; sourceTree = "<group>"; };
		91D21B001F654250004F3EFE /* FeiYuTests.xctest */ = {isa = PBXFileReference; explicitFileType = wrapper.cfbundle; includeInIndex = 0; path = FeiYuTests.xctest; sourceTree = BUILT_PRODUCTS_DIR; };
		91D21B041F654250004F3EFE /* FeiYuTests.swift */ = {isa = PBXFileReference; lastKnownFileType = sourcecode.swift; path = FeiYuTests.swift; sourceTree = "<group>"; };
		91D21B061F654250004F3EFE /* Info.plist */ = {isa = PBXFileReference; lastKnownFileType = text.plist.xml; path = Info.plist; sourceTree = "<group>"; };
		91D21B0B1F654250004F3EFE /* FeiYuUITests.xctest */ = {isa = PBXFileReference; explicitFileType = wrapper.cfbundle; includeInIndex = 0; path = FeiYuUITests.xctest; sourceTree = BUILT_PRODUCTS_DIR; };
		91D21B0F1F654250004F3EFE /* FeiYuUITests.swift */ = {isa = PBXFileReference; lastKnownFileType = sourcecode.swift; path = FeiYuUITests.swift; sourceTree = "<group>"; };
		91D21B111F654250004F3EFE /* Info.plist */ = {isa = PBXFileReference; lastKnownFileType = text.plist.xml; path = Info.plist; sourceTree = "<group>"; };
		91D21B1F1F6544BA004F3EFE /* GlobalSets.swift */ = {isa = PBXFileReference; lastKnownFileType = sourcecode.swift; path = GlobalSets.swift; sourceTree = "<group>"; };
		91D21B2D1F67E1E0004F3EFE /* FeiYu-Bridging-Header.h */ = {isa = PBXFileReference; lastKnownFileType = sourcecode.c.h; path = "FeiYu-Bridging-Header.h"; sourceTree = "<group>"; };
		91D21B2E1F67E1E1004F3EFE /* RoutesDemoTableViewController.h */ = {isa = PBXFileReference; lastKnownFileType = sourcecode.c.h; path = RoutesDemoTableViewController.h; sourceTree = "<group>"; };
		91D21B2F1F67E1E1004F3EFE /* RoutesDemoTableViewController.m */ = {isa = PBXFileReference; lastKnownFileType = sourcecode.c.objc; path = RoutesDemoTableViewController.m; sourceTree = "<group>"; };
		91D21B321F67E63F004F3EFE /* RouteTableViewCell.h */ = {isa = PBXFileReference; lastKnownFileType = sourcecode.c.h; path = RouteTableViewCell.h; sourceTree = "<group>"; };
		91D21B331F67E63F004F3EFE /* RouteTableViewCell.m */ = {isa = PBXFileReference; lastKnownFileType = sourcecode.c.objc; path = RouteTableViewCell.m; sourceTree = "<group>"; };
		91D21B341F67E63F004F3EFE /* RouteTableViewCell.xib */ = {isa = PBXFileReference; lastKnownFileType = file.xib; path = RouteTableViewCell.xib; sourceTree = "<group>"; };
		91D21B421F6979C0004F3EFE /* PrefixHeader-FeiYu.pch */ = {isa = PBXFileReference; lastKnownFileType = sourcecode.c.h; path = "PrefixHeader-FeiYu.pch"; sourceTree = "<group>"; };
		91D21B431F697B4B004F3EFE /* UtilsMacros.h */ = {isa = PBXFileReference; lastKnownFileType = sourcecode.c.h; path = UtilsMacros.h; sourceTree = "<group>"; };
		91D21B441F697BA8004F3EFE /* URLRouteMacros.h */ = {isa = PBXFileReference; lastKnownFileType = sourcecode.c.h; path = URLRouteMacros.h; sourceTree = "<group>"; };
		91D21B4E1F6D0D42004F3EFE /* LoginViewController.h */ = {isa = PBXFileReference; lastKnownFileType = sourcecode.c.h; path = LoginViewController.h; sourceTree = "<group>"; };
		91D21B4F1F6D0D42004F3EFE /* LoginViewController.m */ = {isa = PBXFileReference; lastKnownFileType = sourcecode.c.objc; path = LoginViewController.m; sourceTree = "<group>"; };
		91D21B521F6D2387004F3EFE /* PreViewViewController.h */ = {isa = PBXFileReference; lastKnownFileType = sourcecode.c.h; path = PreViewViewController.h; sourceTree = "<group>"; };
		91D21B531F6D2387004F3EFE /* PreViewViewController.m */ = {isa = PBXFileReference; lastKnownFileType = sourcecode.c.objc; path = PreViewViewController.m; sourceTree = "<group>"; };
		B4972620A77964117F3E4284 /* Pods-FeiYu.debug.xcconfig */ = {isa = PBXFileReference; includeInIndex = 1; lastKnownFileType = text.xcconfig; name = "Pods-FeiYu.debug.xcconfig"; path = "Pods/Target Support Files/Pods-FeiYu/Pods-FeiYu.debug.xcconfig"; sourceTree = "<group>"; };
		EEC7F598D86A913354557C13 /* Pods-FeiYu.release.xcconfig */ = {isa = PBXFileReference; includeInIndex = 1; lastKnownFileType = text.xcconfig; name = "Pods-FeiYu.release.xcconfig"; path = "Pods/Target Support Files/Pods-FeiYu/Pods-FeiYu.release.xcconfig"; sourceTree = "<group>"; };
/* End PBXFileReference section */

/* Begin PBXFrameworksBuildPhase section */
		91D21AE91F654250004F3EFE /* Frameworks */ = {
			isa = PBXFrameworksBuildPhase;
			buildActionMask = 2147483647;
			files = (
				F9F38E568747279C1C9C1613 /* Pods_FeiYu.framework in Frameworks */,
			);
			runOnlyForDeploymentPostprocessing = 0;
		};
		91D21AFD1F654250004F3EFE /* Frameworks */ = {
			isa = PBXFrameworksBuildPhase;
			buildActionMask = 2147483647;
			files = (
			);
			runOnlyForDeploymentPostprocessing = 0;
		};
		91D21B081F654250004F3EFE /* Frameworks */ = {
			isa = PBXFrameworksBuildPhase;
			buildActionMask = 2147483647;
			files = (
			);
			runOnlyForDeploymentPostprocessing = 0;
		};
/* End PBXFrameworksBuildPhase section */

/* Begin PBXGroup section */
		757407E2C3A2989416B8C376 /* Frameworks */ = {
			isa = PBXGroup;
			children = (
				21012F0CE97AD4298C3ED8CC /* Pods_FeiYu.framework */,
			);
			name = Frameworks;
			sourceTree = "<group>";
		};
		8753C4AB9164C68288A7E320 /* Pods */ = {
			isa = PBXGroup;
			children = (
				B4972620A77964117F3E4284 /* Pods-FeiYu.debug.xcconfig */,
				EEC7F598D86A913354557C13 /* Pods-FeiYu.release.xcconfig */,
			);
			name = Pods;
			sourceTree = "<group>";
		};
		91D21AE31F654250004F3EFE = {
			isa = PBXGroup;
			children = (
				91D21AEE1F654250004F3EFE /* FeiYu */,
				91D21B031F654250004F3EFE /* FeiYuTests */,
				91D21B0E1F654250004F3EFE /* FeiYuUITests */,
				91D21AED1F654250004F3EFE /* Products */,
				8753C4AB9164C68288A7E320 /* Pods */,
				757407E2C3A2989416B8C376 /* Frameworks */,
			);
			sourceTree = "<group>";
		};
		91D21AED1F654250004F3EFE /* Products */ = {
			isa = PBXGroup;
			children = (
				91D21AEC1F654250004F3EFE /* FeiYu.app */,
				91D21B001F654250004F3EFE /* FeiYuTests.xctest */,
				91D21B0B1F654250004F3EFE /* FeiYuUITests.xctest */,
			);
			name = Products;
			sourceTree = "<group>";
		};
		91D21AEE1F654250004F3EFE /* FeiYu */ = {
			isa = PBXGroup;
			children = (
				91D21B261F658C0B004F3EFE /* Base */,
				91D21B251F658C0B004F3EFE /* Macros */,
				91D21B241F658C0B004F3EFE /* Manager */,
				91D21B291F658C0B004F3EFE /* Modules */,
				91D21B271F658C0B004F3EFE /* Resource */,
				91D21B281F658C0B004F3EFE /* ThridParty */,
				91D21B231F658C0B004F3EFE /* Utils */,
				91D21B1D1F65444E004F3EFE /* Settings */,
				91D21AF11F654250004F3EFE /* ViewController.swift */,
				91D21AF61F654250004F3EFE /* Assets.xcassets */,
				91D21AF81F654250004F3EFE /* LaunchScreen.storyboard */,
				91D21AFB1F654250004F3EFE /* Info.plist */,
				91D21B421F6979C0004F3EFE /* PrefixHeader-FeiYu.pch */,
			);
			path = FeiYu;
			sourceTree = "<group>";
		};
		91D21B031F654250004F3EFE /* FeiYuTests */ = {
			isa = PBXGroup;
			children = (
				91D21B041F654250004F3EFE /* FeiYuTests.swift */,
				91D21B061F654250004F3EFE /* Info.plist */,
			);
			path = FeiYuTests;
			sourceTree = "<group>";
		};
		91D21B0E1F654250004F3EFE /* FeiYuUITests */ = {
			isa = PBXGroup;
			children = (
				91D21B0F1F654250004F3EFE /* FeiYuUITests.swift */,
				91D21B111F654250004F3EFE /* Info.plist */,
			);
			path = FeiYuUITests;
			sourceTree = "<group>";
		};
		91D21B1D1F65444E004F3EFE /* Settings */ = {
			isa = PBXGroup;
			children = (
				91D21B2D1F67E1E0004F3EFE /* FeiYu-Bridging-Header.h */,
				91D21B1F1F6544BA004F3EFE /* GlobalSets.swift */,
				91D21AEF1F654250004F3EFE /* AppDelegate.swift */,
			);
			path = Settings;
			sourceTree = "<group>";
		};
		91D21B231F658C0B004F3EFE /* Utils */ = {
			isa = PBXGroup;
			children = (
			);
			path = Utils;
			sourceTree = "<group>";
		};
		91D21B241F658C0B004F3EFE /* Manager */ = {
			isa = PBXGroup;
			children = (
			);
			path = Manager;
			sourceTree = "<group>";
		};
		91D21B251F658C0B004F3EFE /* Macros */ = {
			isa = PBXGroup;
			children = (
				91D21B431F697B4B004F3EFE /* UtilsMacros.h */,
				91D21B441F697BA8004F3EFE /* URLRouteMacros.h */,
			);
			path = Macros;
			sourceTree = "<group>";
		};
		91D21B261F658C0B004F3EFE /* Base */ = {
			isa = PBXGroup;
			children = (
			);
			path = Base;
			sourceTree = "<group>";
		};
		91D21B271F658C0B004F3EFE /* Resource */ = {
			isa = PBXGroup;
			children = (
				91D21B2B1F658C51004F3EFE /* img */,
				91D21B2A1F658C25004F3EFE /* storyboard */,
			);
			path = Resource;
			sourceTree = "<group>";
		};
		91D21B281F658C0B004F3EFE /* ThridParty */ = {
			isa = PBXGroup;
			children = (
			);
			path = ThridParty;
			sourceTree = "<group>";
		};
		91D21B291F658C0B004F3EFE /* Modules */ = {
			isa = PBXGroup;
			children = (
				91D21B511F6D2203004F3EFE /* PreView */,
				91D21B4D1F6D0D42004F3EFE /* Login */,
				91D21B2C1F67E192004F3EFE /* Routes */,
			);
			path = Modules;
			sourceTree = "<group>";
		};
		91D21B2A1F658C25004F3EFE /* storyboard */ = {
			isa = PBXGroup;
			children = (
			);
			path = storyboard;
			sourceTree = "<group>";
		};
		91D21B2B1F658C51004F3EFE /* img */ = {
			isa = PBXGroup;
			children = (
			);
			path = img;
			sourceTree = "<group>";
		};
		91D21B2C1F67E192004F3EFE /* Routes */ = {
			isa = PBXGroup;
			children = (
				91D21B311F67E602004F3EFE /* Cell */,
				91D21B2E1F67E1E1004F3EFE /* RoutesDemoTableViewController.h */,
				91D21B2F1F67E1E1004F3EFE /* RoutesDemoTableViewController.m */,
			);
			path = Routes;
			sourceTree = "<group>";
		};
		91D21B311F67E602004F3EFE /* Cell */ = {
			isa = PBXGroup;
			children = (
				91D21B321F67E63F004F3EFE /* RouteTableViewCell.h */,
				91D21B331F67E63F004F3EFE /* RouteTableViewCell.m */,
				91D21B341F67E63F004F3EFE /* RouteTableViewCell.xib */,
			);
			path = Cell;
			sourceTree = "<group>";
		};
		91D21B4D1F6D0D42004F3EFE /* Login */ = {
			isa = PBXGroup;
			children = (
				91D21B4E1F6D0D42004F3EFE /* LoginViewController.h */,
				91D21B4F1F6D0D42004F3EFE /* LoginViewController.m */,
			);
			path = Login;
			sourceTree = "<group>";
		};
		91D21B511F6D2203004F3EFE /* PreView */ = {
			isa = PBXGroup;
			children = (
				91D21B521F6D2387004F3EFE /* PreViewViewController.h */,
				91D21B531F6D2387004F3EFE /* PreViewViewController.m */,
			);
			path = PreView;
			sourceTree = "<group>";
		};
/* End PBXGroup section */

/* Begin PBXNativeTarget section */
		91D21AEB1F654250004F3EFE /* FeiYu */ = {
			isa = PBXNativeTarget;
			buildConfigurationList = 91D21B141F654250004F3EFE /* Build configuration list for PBXNativeTarget "FeiYu" */;
			buildPhases = (
				D9B2B53FF134A7187936B100 /* [CP] Check Pods Manifest.lock */,
				91D21AE81F654250004F3EFE /* Sources */,
				91D21AE91F654250004F3EFE /* Frameworks */,
				91D21AEA1F654250004F3EFE /* Resources */,
				860AE49C8A0CEB34289C4596 /* [CP] Embed Pods Frameworks */,
				C50F284BCDF58EA1E65B9570 /* [CP] Copy Pods Resources */,
			);
			buildRules = (
			);
			dependencies = (
			);
			name = FeiYu;
			productName = FeiYu;
			productReference = 91D21AEC1F654250004F3EFE /* FeiYu.app */;
			productType = "com.apple.product-type.application";
		};
		91D21AFF1F654250004F3EFE /* FeiYuTests */ = {
			isa = PBXNativeTarget;
			buildConfigurationList = 91D21B171F654250004F3EFE /* Build configuration list for PBXNativeTarget "FeiYuTests" */;
			buildPhases = (
				91D21AFC1F654250004F3EFE /* Sources */,
				91D21AFD1F654250004F3EFE /* Frameworks */,
				91D21AFE1F654250004F3EFE /* Resources */,
			);
			buildRules = (
			);
			dependencies = (
				91D21B021F654250004F3EFE /* PBXTargetDependency */,
			);
			name = FeiYuTests;
			productName = FeiYuTests;
			productReference = 91D21B001F654250004F3EFE /* FeiYuTests.xctest */;
			productType = "com.apple.product-type.bundle.unit-test";
		};
		91D21B0A1F654250004F3EFE /* FeiYuUITests */ = {
			isa = PBXNativeTarget;
			buildConfigurationList = 91D21B1A1F654250004F3EFE /* Build configuration list for PBXNativeTarget "FeiYuUITests" */;
			buildPhases = (
				91D21B071F654250004F3EFE /* Sources */,
				91D21B081F654250004F3EFE /* Frameworks */,
				91D21B091F654250004F3EFE /* Resources */,
			);
			buildRules = (
			);
			dependencies = (
				91D21B0D1F654250004F3EFE /* PBXTargetDependency */,
			);
			name = FeiYuUITests;
			productName = FeiYuUITests;
			productReference = 91D21B0B1F654250004F3EFE /* FeiYuUITests.xctest */;
			productType = "com.apple.product-type.bundle.ui-testing";
		};
/* End PBXNativeTarget section */

/* Begin PBXProject section */
		91D21AE41F654250004F3EFE /* Project object */ = {
			isa = PBXProject;
			attributes = {
				LastSwiftUpdateCheck = 0900;
				LastUpgradeCheck = 0900;
				ORGANIZATIONNAME = ZF;
				TargetAttributes = {
					91D21AEB1F654250004F3EFE = {
						CreatedOnToolsVersion = 9.0;
						LastSwiftMigration = 0900;
					};
					91D21AFF1F654250004F3EFE = {
						CreatedOnToolsVersion = 9.0;
						TestTargetID = 91D21AEB1F654250004F3EFE;
					};
					91D21B0A1F654250004F3EFE = {
						CreatedOnToolsVersion = 9.0;
						TestTargetID = 91D21AEB1F654250004F3EFE;
					};
				};
			};
			buildConfigurationList = 91D21AE71F654250004F3EFE /* Build configuration list for PBXProject "FeiYu" */;
			compatibilityVersion = "Xcode 8.0";
			developmentRegion = en;
			hasScannedForEncodings = 0;
			knownRegions = (
				en,
				Base,
			);
			mainGroup = 91D21AE31F654250004F3EFE;
			productRefGroup = 91D21AED1F654250004F3EFE /* Products */;
			projectDirPath = "";
			projectRoot = "";
			targets = (
				91D21AEB1F654250004F3EFE /* FeiYu */,
				91D21AFF1F654250004F3EFE /* FeiYuTests */,
				91D21B0A1F654250004F3EFE /* FeiYuUITests */,
			);
		};
/* End PBXProject section */

/* Begin PBXResourcesBuildPhase section */
		91D21AEA1F654250004F3EFE /* Resources */ = {
			isa = PBXResourcesBuildPhase;
			buildActionMask = 2147483647;
			files = (
				91D21AFA1F654250004F3EFE /* LaunchScreen.storyboard in Resources */,
				91D21B361F67E63F004F3EFE /* RouteTableViewCell.xib in Resources */,
				91D21AF71F654250004F3EFE /* Assets.xcassets in Resources */,
			);
			runOnlyForDeploymentPostprocessing = 0;
		};
		91D21AFE1F654250004F3EFE /* Resources */ = {
			isa = PBXResourcesBuildPhase;
			buildActionMask = 2147483647;
			files = (
			);
			runOnlyForDeploymentPostprocessing = 0;
		};
		91D21B091F654250004F3EFE /* Resources */ = {
			isa = PBXResourcesBuildPhase;
			buildActionMask = 2147483647;
			files = (
			);
			runOnlyForDeploymentPostprocessing = 0;
		};
/* End PBXResourcesBuildPhase section */

/* Begin PBXShellScriptBuildPhase section */
		860AE49C8A0CEB34289C4596 /* [CP] Embed Pods Frameworks */ = {
			isa = PBXShellScriptBuildPhase;
			buildActionMask = 2147483647;
			files = (
			);
			inputPaths = (
			);
			name = "[CP] Embed Pods Frameworks";
			outputPaths = (
			);
			runOnlyForDeploymentPostprocessing = 0;
			shellPath = /bin/sh;
			shellScript = "\"${SRCROOT}/Pods/Target Support Files/Pods-FeiYu/Pods-FeiYu-frameworks.sh\"\n";
			showEnvVarsInLog = 0;
		};
		C50F284BCDF58EA1E65B9570 /* [CP] Copy Pods Resources */ = {
			isa = PBXShellScriptBuildPhase;
			buildActionMask = 2147483647;
			files = (
			);
			inputPaths = (
			);
			name = "[CP] Copy Pods Resources";
			outputPaths = (
			);
			runOnlyForDeploymentPostprocessing = 0;
			shellPath = /bin/sh;
			shellScript = "\"${SRCROOT}/Pods/Target Support Files/Pods-FeiYu/Pods-FeiYu-resources.sh\"\n";
			showEnvVarsInLog = 0;
		};
		D9B2B53FF134A7187936B100 /* [CP] Check Pods Manifest.lock */ = {
			isa = PBXShellScriptBuildPhase;
			buildActionMask = 2147483647;
			files = (
			);
			inputPaths = (
			);
			name = "[CP] Check Pods Manifest.lock";
			outputPaths = (
			);
			runOnlyForDeploymentPostprocessing = 0;
			shellPath = /bin/sh;
			shellScript = "diff \"${PODS_PODFILE_DIR_PATH}/Podfile.lock\" \"${PODS_ROOT}/Manifest.lock\" > /dev/null\nif [ $? != 0 ] ; then\n    # print error to STDERR\n    echo \"error: The sandbox is not in sync with the Podfile.lock. Run 'pod install' or update your CocoaPods installation.\" >&2\n    exit 1\nfi\n";
			showEnvVarsInLog = 0;
		};
/* End PBXShellScriptBuildPhase section */

/* Begin PBXSourcesBuildPhase section */
		91D21AE81F654250004F3EFE /* Sources */ = {
			isa = PBXSourcesBuildPhase;
			buildActionMask = 2147483647;
			files = (
				91D21B301F67E1E1004F3EFE /* RoutesDemoTableViewController.m in Sources */,
				91D21AF21F654250004F3EFE /* ViewController.swift in Sources */,
				91D21B501F6D0D48004F3EFE /* LoginViewController.m in Sources */,
				91D21AF01F654250004F3EFE /* AppDelegate.swift in Sources */,
				91D21B351F67E63F004F3EFE /* RouteTableViewCell.m in Sources */,
				91D21B541F6D2387004F3EFE /* PreViewViewController.m in Sources */,
				91D21B201F65454C004F3EFE /* GlobalSets.swift in Sources */,
			);
			runOnlyForDeploymentPostprocessing = 0;
		};
		91D21AFC1F654250004F3EFE /* Sources */ = {
			isa = PBXSourcesBuildPhase;
			buildActionMask = 2147483647;
			files = (
				91D21B051F654250004F3EFE /* FeiYuTests.swift in Sources */,
			);
			runOnlyForDeploymentPostprocessing = 0;
		};
		91D21B071F654250004F3EFE /* Sources */ = {
			isa = PBXSourcesBuildPhase;
			buildActionMask = 2147483647;
			files = (
				91D21B101F654250004F3EFE /* FeiYuUITests.swift in Sources */,
			);
			runOnlyForDeploymentPostprocessing = 0;
		};
/* End PBXSourcesBuildPhase section */

/* Begin PBXTargetDependency section */
		91D21B021F654250004F3EFE /* PBXTargetDependency */ = {
			isa = PBXTargetDependency;
			target = 91D21AEB1F654250004F3EFE /* FeiYu */;
			targetProxy = 91D21B011F654250004F3EFE /* PBXContainerItemProxy */;
		};
		91D21B0D1F654250004F3EFE /* PBXTargetDependency */ = {
			isa = PBXTargetDependency;
			target = 91D21AEB1F654250004F3EFE /* FeiYu */;
			targetProxy = 91D21B0C1F654250004F3EFE /* PBXContainerItemProxy */;
		};
/* End PBXTargetDependency section */

/* Begin PBXVariantGroup section */
		91D21AF81F654250004F3EFE /* LaunchScreen.storyboard */ = {
			isa = PBXVariantGroup;
			children = (
				91D21AF91F654250004F3EFE /* Base */,
			);
			name = LaunchScreen.storyboard;
			sourceTree = "<group>";
		};
/* End PBXVariantGroup section */

/* Begin XCBuildConfiguration section */
		91D21B121F654250004F3EFE /* Debug */ = {
			isa = XCBuildConfiguration;
			buildSettings = {
				ALWAYS_SEARCH_USER_PATHS = NO;
				CLANG_ANALYZER_NONNULL = YES;
				CLANG_ANALYZER_NUMBER_OBJECT_CONVERSION = YES_AGGRESSIVE;
				CLANG_CXX_LANGUAGE_STANDARD = "gnu++14";
				CLANG_CXX_LIBRARY = "libc++";
				CLANG_ENABLE_MODULES = YES;
				CLANG_ENABLE_OBJC_ARC = YES;
				CLANG_WARN_BLOCK_CAPTURE_AUTORELEASING = YES;
				CLANG_WARN_BOOL_CONVERSION = YES;
				CLANG_WARN_COMMA = YES;
				CLANG_WARN_CONSTANT_CONVERSION = YES;
				CLANG_WARN_DIRECT_OBJC_ISA_USAGE = YES_ERROR;
				CLANG_WARN_DOCUMENTATION_COMMENTS = YES;
				CLANG_WARN_EMPTY_BODY = YES;
				CLANG_WARN_ENUM_CONVERSION = YES;
				CLANG_WARN_INFINITE_RECURSION = YES;
				CLANG_WARN_INT_CONVERSION = YES;
				CLANG_WARN_OBJC_ROOT_CLASS = YES_ERROR;
				CLANG_WARN_RANGE_LOOP_ANALYSIS = YES;
				CLANG_WARN_STRICT_PROTOTYPES = YES;
				CLANG_WARN_SUSPICIOUS_MOVE = YES;
				CLANG_WARN_UNGUARDED_AVAILABILITY = YES_AGGRESSIVE;
				CLANG_WARN_UNREACHABLE_CODE = YES;
				CLANG_WARN__DUPLICATE_METHOD_MATCH = YES;
				CODE_SIGN_IDENTITY = "iPhone Developer";
				COPY_PHASE_STRIP = NO;
				DEBUG_INFORMATION_FORMAT = dwarf;
				ENABLE_STRICT_OBJC_MSGSEND = YES;
				ENABLE_TESTABILITY = YES;
				GCC_C_LANGUAGE_STANDARD = gnu11;
				GCC_DYNAMIC_NO_PIC = NO;
				GCC_NO_COMMON_BLOCKS = YES;
				GCC_OPTIMIZATION_LEVEL = 0;
				GCC_PREPROCESSOR_DEFINITIONS = (
					"DEBUG=1",
					"$(inherited)",
				);
				GCC_WARN_64_TO_32_BIT_CONVERSION = YES;
				GCC_WARN_ABOUT_RETURN_TYPE = YES_ERROR;
				GCC_WARN_UNDECLARED_SELECTOR = YES;
				GCC_WARN_UNINITIALIZED_AUTOS = YES_AGGRESSIVE;
				GCC_WARN_UNUSED_FUNCTION = YES;
				GCC_WARN_UNUSED_VARIABLE = YES;
				IPHONEOS_DEPLOYMENT_TARGET = 11.0;
				MTL_ENABLE_DEBUG_INFO = YES;
				ONLY_ACTIVE_ARCH = YES;
				SDKROOT = iphoneos;
				SWIFT_ACTIVE_COMPILATION_CONDITIONS = DEBUG;
				SWIFT_OPTIMIZATION_LEVEL = "-Onone";
			};
			name = Debug;
		};
		91D21B131F654250004F3EFE /* Release */ = {
			isa = XCBuildConfiguration;
			buildSettings = {
				ALWAYS_SEARCH_USER_PATHS = NO;
				CLANG_ANALYZER_NONNULL = YES;
				CLANG_ANALYZER_NUMBER_OBJECT_CONVERSION = YES_AGGRESSIVE;
				CLANG_CXX_LANGUAGE_STANDARD = "gnu++14";
				CLANG_CXX_LIBRARY = "libc++";
				CLANG_ENABLE_MODULES = YES;
				CLANG_ENABLE_OBJC_ARC = YES;
				CLANG_WARN_BLOCK_CAPTURE_AUTORELEASING = YES;
				CLANG_WARN_BOOL_CONVERSION = YES;
				CLANG_WARN_COMMA = YES;
				CLANG_WARN_CONSTANT_CONVERSION = YES;
				CLANG_WARN_DIRECT_OBJC_ISA_USAGE = YES_ERROR;
				CLANG_WARN_DOCUMENTATION_COMMENTS = YES;
				CLANG_WARN_EMPTY_BODY = YES;
				CLANG_WARN_ENUM_CONVERSION = YES;
				CLANG_WARN_INFINITE_RECURSION = YES;
				CLANG_WARN_INT_CONVERSION = YES;
				CLANG_WARN_OBJC_ROOT_CLASS = YES_ERROR;
				CLANG_WARN_RANGE_LOOP_ANALYSIS = YES;
				CLANG_WARN_STRICT_PROTOTYPES = YES;
				CLANG_WARN_SUSPICIOUS_MOVE = YES;
				CLANG_WARN_UNGUARDED_AVAILABILITY = YES_AGGRESSIVE;
				CLANG_WARN_UNREACHABLE_CODE = YES;
				CLANG_WARN__DUPLICATE_METHOD_MATCH = YES;
				CODE_SIGN_IDENTITY = "iPhone Developer";
				COPY_PHASE_STRIP = NO;
				DEBUG_INFORMATION_FORMAT = "dwarf-with-dsym";
				ENABLE_NS_ASSERTIONS = NO;
				ENABLE_STRICT_OBJC_MSGSEND = YES;
				GCC_C_LANGUAGE_STANDARD = gnu11;
				GCC_NO_COMMON_BLOCKS = YES;
				GCC_WARN_64_TO_32_BIT_CONVERSION = YES;
				GCC_WARN_ABOUT_RETURN_TYPE = YES_ERROR;
				GCC_WARN_UNDECLARED_SELECTOR = YES;
				GCC_WARN_UNINITIALIZED_AUTOS = YES_AGGRESSIVE;
				GCC_WARN_UNUSED_FUNCTION = YES;
				GCC_WARN_UNUSED_VARIABLE = YES;
				IPHONEOS_DEPLOYMENT_TARGET = 11.0;
				MTL_ENABLE_DEBUG_INFO = NO;
				SDKROOT = iphoneos;
				SWIFT_OPTIMIZATION_LEVEL = "-Owholemodule";
				VALIDATE_PRODUCT = YES;
			};
			name = Release;
		};
		91D21B151F654250004F3EFE /* Debug */ = {
			isa = XCBuildConfiguration;
			baseConfigurationReference = B4972620A77964117F3E4284 /* Pods-FeiYu.debug.xcconfig */;
			buildSettings = {
				ASSETCATALOG_COMPILER_APPICON_NAME = AppIcon;
				CLANG_ENABLE_MODULES = YES;
				DEVELOPMENT_TEAM = 2SL4EE56MU;
				GCC_PREFIX_HEADER = "$(SRCROOT)/FeiYu/PrefixHeader-FeiYu.pch";
				INFOPLIST_FILE = FeiYu/Info.plist;
				IPHONEOS_DEPLOYMENT_TARGET = 9.0;
				LD_RUNPATH_SEARCH_PATHS = "$(inherited) @executable_path/Frameworks";
				PRODUCT_BUNDLE_IDENTIFIER = com.feiyu.FeiYu;
				PRODUCT_NAME = "$(TARGET_NAME)";
				SWIFT_OBJC_BRIDGING_HEADER = "FeiYu/Settings/FeiYu-Bridging-Header.h";
				SWIFT_OPTIMIZATION_LEVEL = "-Onone";
				SWIFT_VERSION = 4.0;
				TARGETED_DEVICE_FAMILY = "1,2";
			};
			name = Debug;
		};
		91D21B161F654250004F3EFE /* Release */ = {
			isa = XCBuildConfiguration;
			baseConfigurationReference = EEC7F598D86A913354557C13 /* Pods-FeiYu.release.xcconfig */;
			buildSettings = {
				ASSETCATALOG_COMPILER_APPICON_NAME = AppIcon;
				CLANG_ENABLE_MODULES = YES;
				DEVELOPMENT_TEAM = 2SL4EE56MU;
				GCC_PREFIX_HEADER = "$(SRCROOT)/FeiYu/PrefixHeader-FeiYu.pch";
				INFOPLIST_FILE = FeiYu/Info.plist;
				IPHONEOS_DEPLOYMENT_TARGET = 9.0;
				LD_RUNPATH_SEARCH_PATHS = "$(inherited) @executable_path/Frameworks";
				PRODUCT_BUNDLE_IDENTIFIER = com.feiyu.FeiYu;
				PRODUCT_NAME = "$(TARGET_NAME)";
				SWIFT_OBJC_BRIDGING_HEADER = "FeiYu/Settings/FeiYu-Bridging-Header.h";
				SWIFT_VERSION = 4.0;
				TARGETED_DEVICE_FAMILY = "1,2";
			};
			name = Release;
		};
		91D21B181F654250004F3EFE /* Debug */ = {
			isa = XCBuildConfiguration;
			buildSettings = {
				ALWAYS_EMBED_SWIFT_STANDARD_LIBRARIES = YES;
				BUNDLE_LOADER = "$(TEST_HOST)";
				DEVELOPMENT_TEAM = 2SL4EE56MU;
				INFOPLIST_FILE = FeiYuTests/Info.plist;
				LD_RUNPATH_SEARCH_PATHS = "$(inherited) @executable_path/Frameworks @loader_path/Frameworks";
				PRODUCT_BUNDLE_IDENTIFIER = com.feiyu.FeiYuTests;
				PRODUCT_NAME = "$(TARGET_NAME)";
				SWIFT_VERSION = 4.0;
				TARGETED_DEVICE_FAMILY = "1,2";
				TEST_HOST = "$(BUILT_PRODUCTS_DIR)/FeiYu.app/FeiYu";
			};
			name = Debug;
		};
		91D21B191F654250004F3EFE /* Release */ = {
			isa = XCBuildConfiguration;
			buildSettings = {
				ALWAYS_EMBED_SWIFT_STANDARD_LIBRARIES = YES;
				BUNDLE_LOADER = "$(TEST_HOST)";
				DEVELOPMENT_TEAM = 2SL4EE56MU;
				INFOPLIST_FILE = FeiYuTests/Info.plist;
				LD_RUNPATH_SEARCH_PATHS = "$(inherited) @executable_path/Frameworks @loader_path/Frameworks";
				PRODUCT_BUNDLE_IDENTIFIER = com.feiyu.FeiYuTests;
				PRODUCT_NAME = "$(TARGET_NAME)";
				SWIFT_VERSION = 4.0;
				TARGETED_DEVICE_FAMILY = "1,2";
				TEST_HOST = "$(BUILT_PRODUCTS_DIR)/FeiYu.app/FeiYu";
			};
			name = Release;
		};
		91D21B1B1F654250004F3EFE /* Debug */ = {
			isa = XCBuildConfiguration;
			buildSettings = {
				ALWAYS_EMBED_SWIFT_STANDARD_LIBRARIES = YES;
				DEVELOPMENT_TEAM = 2SL4EE56MU;
				INFOPLIST_FILE = FeiYuUITests/Info.plist;
				LD_RUNPATH_SEARCH_PATHS = "$(inherited) @executable_path/Frameworks @loader_path/Frameworks";
				PRODUCT_BUNDLE_IDENTIFIER = com.feiyu.FeiYuUITests;
				PRODUCT_NAME = "$(TARGET_NAME)";
				SWIFT_VERSION = 4.0;
				TARGETED_DEVICE_FAMILY = "1,2";
				TEST_TARGET_NAME = FeiYu;
			};
			name = Debug;
		};
		91D21B1C1F654250004F3EFE /* Release */ = {
			isa = XCBuildConfiguration;
			buildSettings = {
				ALWAYS_EMBED_SWIFT_STANDARD_LIBRARIES = YES;
				DEVELOPMENT_TEAM = 2SL4EE56MU;
				INFOPLIST_FILE = FeiYuUITests/Info.plist;
				LD_RUNPATH_SEARCH_PATHS = "$(inherited) @executable_path/Frameworks @loader_path/Frameworks";
				PRODUCT_BUNDLE_IDENTIFIER = com.feiyu.FeiYuUITests;
				PRODUCT_NAME = "$(TARGET_NAME)";
				SWIFT_VERSION = 4.0;
				TARGETED_DEVICE_FAMILY = "1,2";
				TEST_TARGET_NAME = FeiYu;
			};
			name = Release;
		};
/* End XCBuildConfiguration section */

/* Begin XCConfigurationList section */
		91D21AE71F654250004F3EFE /* Build configuration list for PBXProject "FeiYu" */ = {
			isa = XCConfigurationList;
			buildConfigurations = (
				91D21B121F654250004F3EFE /* Debug */,
				91D21B131F654250004F3EFE /* Release */,
			);
			defaultConfigurationIsVisible = 0;
			defaultConfigurationName = Release;
		};
		91D21B141F654250004F3EFE /* Build configuration list for PBXNativeTarget "FeiYu" */ = {
			isa = XCConfigurationList;
			buildConfigurations = (
				91D21B151F654250004F3EFE /* Debug */,
				91D21B161F654250004F3EFE /* Release */,
			);
			defaultConfigurationIsVisible = 0;
			defaultConfigurationName = Release;
		};
		91D21B171F654250004F3EFE /* Build configuration list for PBXNativeTarget "FeiYuTests" */ = {
			isa = XCConfigurationList;
			buildConfigurations = (
				91D21B181F654250004F3EFE /* Debug */,
				91D21B191F654250004F3EFE /* Release */,
			);
			defaultConfigurationIsVisible = 0;
			defaultConfigurationName = Release;
		};
		91D21B1A1F654250004F3EFE /* Build configuration list for PBXNativeTarget "FeiYuUITests" */ = {
			isa = XCConfigurationList;
			buildConfigurations = (
				91D21B1B1F654250004F3EFE /* Debug */,
				91D21B1C1F654250004F3EFE /* Release */,
			);
			defaultConfigurationIsVisible = 0;
			defaultConfigurationName = Release;
		};
/* End XCConfigurationList section */
	};
	rootObject = 91D21AE41F654250004F3EFE /* Project object */;
}
